schema: '2.0'
stages:
  ingest:
    cmd: python -m src.m1_ingestion.ingest --raw-dir data/raw --out-dir 
      data/processed
    deps:
    - path: data/raw
      hash: md5
      md5: 0d40eabaff7af1124037c63ef0a645b5.dir
      size: 36970
      nfiles: 121
    - path: src/m1_ingestion/anonymization_schema.py
      hash: md5
      md5: 7b6bba9c5a7dd34e3d447657f6b5626a
      size: 23333
    - path: src/m1_ingestion/ingest.py
      hash: md5
      md5: 29a3ad55caebf6869186ed78bf8f30ca
      size: 32821
    - path: src/m1_ingestion/metadata_schema.py
      hash: md5
      md5: e14631a565697e2249fe2d1ca4a89487
      size: 4456
    - path: src/m1_ingestion/segmentation.py
      hash: md5
      md5: 6958fe250e4d55f6883ccd9c1063fbd2
      size: 5576
    - path: src/m1_ingestion/spelling.py
      hash: md5
      md5: 28cee0e8332836edb68264343dac0b62
      size: 15153
    outs:
    - path: data/processed/documents
      hash: md5
      md5: fc4a204091872a1ff093e51a3a262ac5.dir
      size: 23590
      nfiles: 60
    - path: data/processed/ingestion_report.json
      hash: md5
      md5: 24602d141092c8e651775aa5d826f2e1
      size: 404
    - path: data/processed/metadata.jsonl
      hash: md5
      md5: 48e594e2c59126ede9e172171bb5ecff
      size: 30280
    - path: data/processed/segments.jsonl
      hash: md5
      md5: 6d7541f49acb174a5c6448612d974cfb
      size: 29264
  quality_check:
    cmd: python -m src.m1_ingestion.quality --processed-dir data/processed 
      --fail-on-error
    deps:
    - path: data/processed/documents
      hash: md5
      md5: fc4a204091872a1ff093e51a3a262ac5.dir
      size: 23590
      nfiles: 60
    - path: data/processed/metadata.jsonl
      hash: md5
      md5: 48e594e2c59126ede9e172171bb5ecff
      size: 30280
    - path: src/m1_ingestion/metadata_schema.py
      hash: md5
      md5: e14631a565697e2249fe2d1ca4a89487
      size: 4456
    - path: src/m1_ingestion/quality.py
      hash: md5
      md5: dd344ae3b6a4f2cbe16477d1ab77960c
      size: 7221
    outs:
    - path: data/processed/quality_report.json
      hash: md5
      md5: ead8ef072faf6a2015096c574e7d868f
      size: 7857
