schema: '2.0'
stages:
  ingest:
    cmd: python -m src.m1_ingestion.ingest --raw-dir data/raw --out-dir 
      data/processed
    deps:
    - path: data/raw
      hash: md5
      md5: 0d40eabaff7af1124037c63ef0a645b5.dir
      size: 36970
      nfiles: 121
    - path: src/m1_ingestion/anonymization_schema.py
      hash: md5
      md5: 7b6bba9c5a7dd34e3d447657f6b5626a
      size: 23333
    - path: src/m1_ingestion/ingest.py
      hash: md5
      md5: 37331085990ab0637e48ca70e4b99447
      size: 29596
    - path: src/m1_ingestion/metadata_schema.py
      hash: md5
      md5: e14631a565697e2249fe2d1ca4a89487
      size: 4456
    - path: src/m1_ingestion/segmentation.py
      hash: md5
      md5: 6958fe250e4d55f6883ccd9c1063fbd2
      size: 5576
    outs:
    - path: data/processed/documents
      hash: md5
      md5: fc4a204091872a1ff093e51a3a262ac5.dir
      size: 23590
      nfiles: 60
    - path: data/processed/ingestion_report.json
      hash: md5
      md5: 8c35b5ecb048c5d0599a17bf735269f9
      size: 378
    - path: data/processed/metadata.jsonl
      hash: md5
      md5: 1b24e48db126afa39f6e5e70a63fcce5
      size: 30280
    - path: data/processed/segments.jsonl
      hash: md5
      md5: 6d7541f49acb174a5c6448612d974cfb
      size: 29264
  quality_check:
    cmd: python -m src.m1_ingestion.quality --processed-dir data/processed 
      --fail-on-error
    deps:
    - path: data/processed/documents
      hash: md5
      md5: fc4a204091872a1ff093e51a3a262ac5.dir
      size: 23590
      nfiles: 60
    - path: data/processed/metadata.jsonl
      hash: md5
      md5: 1b24e48db126afa39f6e5e70a63fcce5
      size: 30280
    - path: src/m1_ingestion/metadata_schema.py
      hash: md5
      md5: e14631a565697e2249fe2d1ca4a89487
      size: 4456
    - path: src/m1_ingestion/quality.py
      hash: md5
      md5: dd344ae3b6a4f2cbe16477d1ab77960c
      size: 7221
    outs:
    - path: data/processed/quality_report.json
      hash: md5
      md5: 61a4d488568d8059c549cf8a3dc735a8
      size: 7857
  data_card:
    cmd: python -m src.m1_ingestion.data_card --processed-dir data/processed 
      --corpus-status synthetique
    deps:
    - path: data/processed/ingestion_report.json
      hash: md5
      md5: 8c35b5ecb048c5d0599a17bf735269f9
      size: 378
    - path: data/processed/metadata.jsonl
      hash: md5
      md5: 1b24e48db126afa39f6e5e70a63fcce5
      size: 30280
    - path: data/processed/quality_report.json
      hash: md5
      md5: 61a4d488568d8059c549cf8a3dc735a8
      size: 7857
    - path: data/processed/segments.jsonl
      hash: md5
      md5: 6d7541f49acb174a5c6448612d974cfb
      size: 29264
    - path: src/m1_ingestion/anonymization_schema.py
      hash: md5
      md5: 7b6bba9c5a7dd34e3d447657f6b5626a
      size: 23333
    - path: src/m1_ingestion/data_card.py
      hash: md5
      md5: e79315f012ec510118a92930ce2e7bac
      size: 22071
    - path: src/m1_ingestion/ingest.py
      hash: md5
      md5: 37331085990ab0637e48ca70e4b99447
      size: 29596
    outs:
    - path: data/processed/DATA_CARD.md
      hash: md5
      md5: c4f359143b877ebad498c316d6fc013b
      size: 6411
    - path: data/processed/data_card.json
      hash: md5
      md5: 7c0347b21ebcd50ceba1d16e240764a0
      size: 4735
